
Microsoft Visual Studio Solution File, Format Version 12.00
# Visual Studio Version 16
VisualStudioVersion = 16.0.30907.101
MinimumVisualStudioVersion = 10.0.40219.1
Project("{FAE04EC0-301F-11D3-BF4B-00C04F79EFBC}") = "OnlineAutomationProject", "OnlineAutomationProject\OnlineAutomationProject.csproj", "{C6599786-29EE-4507-A70F-038D1F8D19B1}"
EndProject
Global
	GlobalSection(SolutionConfigurationPlatforms) = preSolution
		Debug|Any CPU = Debug|Any CPU
		Release|Any CPU = Release|Any CPU
	EndGlobalSection
	GlobalSection(ProjectConfigurationPlatforms) = postSolution
		{C6599786-29EE-4507-A70F-038D1F8D19B1}.Debug|Any CPU.ActiveCfg = Debug|Any CPU
		{C6599786-29EE-4507-A70F-038D1F8D19B1}.Debug|Any CPU.Build.0 = Debug|Any CPU
		{C6599786-29EE-4507-A70F-038D1F8D19B1}.Release|Any CPU.ActiveCfg = Release|Any CPU
		{C6599786-29EE-4507-A70F-038D1F8D19B1}.Release|Any CPU.Build.0 = Release|Any CPU
	EndGlobalSection
	GlobalSection(SolutionProperties) = preSolution
		HideSolutionNode = FALSE
	EndGlobalSection
	GlobalSection(ExtensibilityGlobals) = postSolution
		SolutionGuid = {31C182F4-56B9-45AF-B6C6-B10966F8238C}
	EndGlobalSection
EndGlobal
